
Microsoft Visual Studio Solution File, Format Version 12.00
# Visual Studio Version 17
VisualStudioVersion = 17.7.34024.191
MinimumVisualStudioVersion = 10.0.40219.1
Project("{FAE04EC0-301F-11D3-BF4B-00C04F79EFBC}") = "LAB _1", "LAB _1\LAB _1.csproj", "{8A5E0595-EFA4-4834-BD2B-A392E87D904F}"
EndProject
Project("{FAE04EC0-301F-11D3-BF4B-00C04F79EFBC}") = "LAB_2", "LAB_2\LAB_2.csproj", "{F89C69C9-1FF4-4B6A-B9CE-53D59421D050}"
EndProject
Global
	GlobalSection(SolutionConfigurationPlatforms) = preSolution
		Debug|Any CPU = Debug|Any CPU
		Release|Any CPU = Release|Any CPU
	EndGlobalSection
	GlobalSection(ProjectConfigurationPlatforms) = postSolution
		{8A5E0595-EFA4-4834-BD2B-A392E87D904F}.Debug|Any CPU.ActiveCfg = Debug|Any CPU
		{8A5E0595-EFA4-4834-BD2B-A392E87D904F}.Debug|Any CPU.Build.0 = Debug|Any CPU
		{8A5E0595-EFA4-4834-BD2B-A392E87D904F}.Release|Any CPU.ActiveCfg = Release|Any CPU
		{8A5E0595-EFA4-4834-BD2B-A392E87D904F}.Release|Any CPU.Build.0 = Release|Any CPU
		{F89C69C9-1FF4-4B6A-B9CE-53D59421D050}.Debug|Any CPU.ActiveCfg = Debug|Any CPU
		{F89C69C9-1FF4-4B6A-B9CE-53D59421D050}.Debug|Any CPU.Build.0 = Debug|Any CPU
		{F89C69C9-1FF4-4B6A-B9CE-53D59421D050}.Release|Any CPU.ActiveCfg = Release|Any CPU
		{F89C69C9-1FF4-4B6A-B9CE-53D59421D050}.Release|Any CPU.Build.0 = Release|Any CPU
	EndGlobalSection
	GlobalSection(SolutionProperties) = preSolution
		HideSolutionNode = FALSE
	EndGlobalSection
	GlobalSection(ExtensibilityGlobals) = postSolution
		SolutionGuid = {AE69F3A5-A4FA-4317-A2EC-6ECE44B22D8F}
	EndGlobalSection
EndGlobal
